
Microsoft Visual Studio Solution File, Format Version 12.00
# Visual Studio 2012
Project("{FAE04EC0-301F-11D3-BF4B-00C04F79EFBC}") = "SprintReportGenerator", "SprintReportGenerator\SprintReportGenerator.csproj", "{E6CEBE2B-2182-4392-8006-EBD549C77CC3}"
EndProject
Project("{FAE04EC0-301F-11D3-BF4B-00C04F79EFBC}") = "SprintReportGenerator.Console", "SprintReportGenerator.Console\SprintReportGenerator.Console.csproj", "{C3F4FC64-6314-4F64-B6D9-ECFC5A851289}"
EndProject
Global
	GlobalSection(SolutionConfigurationPlatforms) = preSolution
		Debug|Any CPU = Debug|Any CPU
		Release|Any CPU = Release|Any CPU
	EndGlobalSection
	GlobalSection(ProjectConfigurationPlatforms) = postSolution
		{E6CEBE2B-2182-4392-8006-EBD549C77CC3}.Debug|Any CPU.ActiveCfg = Debug|Any CPU
		{E6CEBE2B-2182-4392-8006-EBD549C77CC3}.Debug|Any CPU.Build.0 = Debug|Any CPU
		{E6CEBE2B-2182-4392-8006-EBD549C77CC3}.Release|Any CPU.ActiveCfg = Release|Any CPU
		{E6CEBE2B-2182-4392-8006-EBD549C77CC3}.Release|Any CPU.Build.0 = Release|Any CPU
		{C3F4FC64-6314-4F64-B6D9-ECFC5A851289}.Debug|Any CPU.ActiveCfg = Debug|Any CPU
		{C3F4FC64-6314-4F64-B6D9-ECFC5A851289}.Debug|Any CPU.Build.0 = Debug|Any CPU
		{C3F4FC64-6314-4F64-B6D9-ECFC5A851289}.Release|Any CPU.ActiveCfg = Release|Any CPU
		{C3F4FC64-6314-4F64-B6D9-ECFC5A851289}.Release|Any CPU.Build.0 = Release|Any CPU
	EndGlobalSection
	GlobalSection(SolutionProperties) = preSolution
		HideSolutionNode = FALSE
	EndGlobalSection
EndGlobal
